// !$*UTF8*$!
{
	archiveVersion = 1;
	classes = {
	};
	objectVersion = 52;
	objects = {

/* Begin PBXBuildFile section */
		CC65303426C3B26300F031CD /* TestNode.swift in Sources */ = {isa = PBXBuildFile; fileRef = CC65303326C3B26300F031CD /* TestNode.swift */; };
		CC65303626C3B28900F031CD /* TestNodeController.swift in Sources */ = {isa = PBXBuildFile; fileRef = CC65303526C3B28900F031CD /* TestNodeController.swift */; };
		CC65303C26C3B45D00F031CD /* LoginNode.swift in Sources */ = {isa = PBXBuildFile; fileRef = CC65303B26C3B45D00F031CD /* LoginNode.swift */; };
		CC65303E26C3B8CC00F031CD /* LoginNodeController.swift in Sources */ = {isa = PBXBuildFile; fileRef = CC65303D26C3B8CC00F031CD /* LoginNodeController.swift */; };
		CC7C38FA26BA59930015CA0B /* AppDelegate.swift in Sources */ = {isa = PBXBuildFile; fileRef = CC7C38F926BA59930015CA0B /* AppDelegate.swift */; };
		CC7C38FC26BA59930015CA0B /* SceneDelegate.swift in Sources */ = {isa = PBXBuildFile; fileRef = CC7C38FB26BA59930015CA0B /* SceneDelegate.swift */; };
		CC7C38FE26BA59930015CA0B /* ViewController.swift in Sources */ = {isa = PBXBuildFile; fileRef = CC7C38FD26BA59930015CA0B /* ViewController.swift */; };
		CC7C390126BA59930015CA0B /* Main.storyboard in Resources */ = {isa = PBXBuildFile; fileRef = CC7C38FF26BA59930015CA0B /* Main.storyboard */; };
		CC7C390326BA59970015CA0B /* Assets.xcassets in Resources */ = {isa = PBXBuildFile; fileRef = CC7C390226BA59970015CA0B /* Assets.xcassets */; };
		CC7C390626BA59970015CA0B /* LaunchScreen.storyboard in Resources */ = {isa = PBXBuildFile; fileRef = CC7C390426BA59970015CA0B /* LaunchScreen.storyboard */; };
		CC8A24C426D5E11C005FA8B5 /* KakaoFriendNodeController.swift in Sources */ = {isa = PBXBuildFile; fileRef = CC8A24C326D5E11C005FA8B5 /* KakaoFriendNodeController.swift */; };
		CC8A24CA26D5E2E7005FA8B5 /* KakaoFriendTopNode.swift in Sources */ = {isa = PBXBuildFile; fileRef = CC8A24C926D5E2E7005FA8B5 /* KakaoFriendTopNode.swift */; };
		CC8A24CC26D5E30C005FA8B5 /* KakaoUserProfileNode.swift in Sources */ = {isa = PBXBuildFile; fileRef = CC8A24CB26D5E30C005FA8B5 /* KakaoUserProfileNode.swift */; };
		CC8A24D126D5E336005FA8B5 /* KakaoFriendCellNode.swift in Sources */ = {isa = PBXBuildFile; fileRef = CC8A24D026D5E336005FA8B5 /* KakaoFriendCellNode.swift */; };
		CC8A24D426D5ECB8005FA8B5 /* KakaoFriendsModel.swift in Sources */ = {isa = PBXBuildFile; fileRef = CC8A24D326D5ECB8005FA8B5 /* KakaoFriendsModel.swift */; };
		CCBAFFB326DF5B1600F0057A /* AppleMusicNodeController.swift in Sources */ = {isa = PBXBuildFile; fileRef = CCBAFFB226DF5B1600F0057A /* AppleMusicNodeController.swift */; };
		CCBAFFB626DF606B00F0057A /* AppleMusicCellNode.swift in Sources */ = {isa = PBXBuildFile; fileRef = CCBAFFB526DF606B00F0057A /* AppleMusicCellNode.swift */; };
		CCBAFFB826DF613A00F0057A /* MusicModel.swift in Sources */ = {isa = PBXBuildFile; fileRef = CCBAFFB726DF613A00F0057A /* MusicModel.swift */; };
		CCDB6E3326CD375800797932 /* AppstoreMainViewController.swift in Sources */ = {isa = PBXBuildFile; fileRef = CCDB6E3226CD375800797932 /* AppstoreMainViewController.swift */; };
		CCDB6E3726CD37C700797932 /* AppstoreMainTopNode.swift in Sources */ = {isa = PBXBuildFile; fileRef = CCDB6E3626CD37C700797932 /* AppstoreMainTopNode.swift */; };
		CCDB6E3926CD37D600797932 /* AppstoreMainImageNode.swift in Sources */ = {isa = PBXBuildFile; fileRef = CCDB6E3826CD37D600797932 /* AppstoreMainImageNode.swift */; };
		CCDB6E3C26CD39A200797932 /* SwiftyColor in Frameworks */ = {isa = PBXBuildFile; productRef = CCDB6E3B26CD39A200797932 /* SwiftyColor */; };
		F696F4311B24C85B33CCDA36 /* Pods_BasicExercise.framework in Frameworks */ = {isa = PBXBuildFile; fileRef = EFBA379DDE694AE2CBBFCD36 /* Pods_BasicExercise.framework */; };
/* End PBXBuildFile section */

/* Begin PBXFileReference section */
		5EC0B1A6CA37C535C691A8AF /* Pods-BasicExercise.debug.xcconfig */ = {isa = PBXFileReference; includeInIndex = 1; lastKnownFileType = text.xcconfig; name = "Pods-BasicExercise.debug.xcconfig"; path = "Target Support Files/Pods-BasicExercise/Pods-BasicExercise.debug.xcconfig"; sourceTree = "<group>"; };
		68FEF95F35F9441EDDD6C21F /* Pods-BasicExercise.release.xcconfig */ = {isa = PBXFileReference; includeInIndex = 1; lastKnownFileType = text.xcconfig; name = "Pods-BasicExercise.release.xcconfig"; path = "Target Support Files/Pods-BasicExercise/Pods-BasicExercise.release.xcconfig"; sourceTree = "<group>"; };
		CC65303326C3B26300F031CD /* TestNode.swift */ = {isa = PBXFileReference; lastKnownFileType = sourcecode.swift; path = TestNode.swift; sourceTree = "<group>"; };
		CC65303526C3B28900F031CD /* TestNodeController.swift */ = {isa = PBXFileReference; lastKnownFileType = sourcecode.swift; path = TestNodeController.swift; sourceTree = "<group>"; };
		CC65303B26C3B45D00F031CD /* LoginNode.swift */ = {isa = PBXFileReference; lastKnownFileType = sourcecode.swift; path = LoginNode.swift; sourceTree = "<group>"; };
		CC65303D26C3B8CC00F031CD /* LoginNodeController.swift */ = {isa = PBXFileReference; lastKnownFileType = sourcecode.swift; path = LoginNodeController.swift; sourceTree = "<group>"; };
		CC7C38F626BA59930015CA0B /* BasicExercise.app */ = {isa = PBXFileReference; explicitFileType = wrapper.application; includeInIndex = 0; path = BasicExercise.app; sourceTree = BUILT_PRODUCTS_DIR; };
		CC7C38F926BA59930015CA0B /* AppDelegate.swift */ = {isa = PBXFileReference; lastKnownFileType = sourcecode.swift; path = AppDelegate.swift; sourceTree = "<group>"; };
		CC7C38FB26BA59930015CA0B /* SceneDelegate.swift */ = {isa = PBXFileReference; lastKnownFileType = sourcecode.swift; path = SceneDelegate.swift; sourceTree = "<group>"; };
		CC7C38FD26BA59930015CA0B /* ViewController.swift */ = {isa = PBXFileReference; lastKnownFileType = sourcecode.swift; path = ViewController.swift; sourceTree = "<group>"; };
		CC7C390026BA59930015CA0B /* Base */ = {isa = PBXFileReference; lastKnownFileType = file.storyboard; name = Base; path = Base.lproj/Main.storyboard; sourceTree = "<group>"; };
		CC7C390226BA59970015CA0B /* Assets.xcassets */ = {isa = PBXFileReference; lastKnownFileType = folder.assetcatalog; path = Assets.xcassets; sourceTree = "<group>"; };
		CC7C390526BA59970015CA0B /* Base */ = {isa = PBXFileReference; lastKnownFileType = file.storyboard; name = Base; path = Base.lproj/LaunchScreen.storyboard; sourceTree = "<group>"; };
		CC7C390726BA59970015CA0B /* Info.plist */ = {isa = PBXFileReference; lastKnownFileType = text.plist.xml; path = Info.plist; sourceTree = "<group>"; };
		CC8A24C326D5E11C005FA8B5 /* KakaoFriendNodeController.swift */ = {isa = PBXFileReference; lastKnownFileType = sourcecode.swift; path = KakaoFriendNodeController.swift; sourceTree = "<group>"; };
		CC8A24C926D5E2E7005FA8B5 /* KakaoFriendTopNode.swift */ = {isa = PBXFileReference; lastKnownFileType = sourcecode.swift; path = KakaoFriendTopNode.swift; sourceTree = "<group>"; };
		CC8A24CB26D5E30C005FA8B5 /* KakaoUserProfileNode.swift */ = {isa = PBXFileReference; lastKnownFileType = sourcecode.swift; path = KakaoUserProfileNode.swift; sourceTree = "<group>"; };
		CC8A24D026D5E336005FA8B5 /* KakaoFriendCellNode.swift */ = {isa = PBXFileReference; lastKnownFileType = sourcecode.swift; path = KakaoFriendCellNode.swift; sourceTree = "<group>"; };
		CC8A24D326D5ECB8005FA8B5 /* KakaoFriendsModel.swift */ = {isa = PBXFileReference; lastKnownFileType = sourcecode.swift; path = KakaoFriendsModel.swift; sourceTree = "<group>"; };
		CCBAFFB226DF5B1600F0057A /* AppleMusicNodeController.swift */ = {isa = PBXFileReference; lastKnownFileType = sourcecode.swift; path = AppleMusicNodeController.swift; sourceTree = "<group>"; };
		CCBAFFB526DF606B00F0057A /* AppleMusicCellNode.swift */ = {isa = PBXFileReference; lastKnownFileType = sourcecode.swift; path = AppleMusicCellNode.swift; sourceTree = "<group>"; };
		CCBAFFB726DF613A00F0057A /* MusicModel.swift */ = {isa = PBXFileReference; lastKnownFileType = sourcecode.swift; path = MusicModel.swift; sourceTree = "<group>"; };
		CCDB6E3226CD375800797932 /* AppstoreMainViewController.swift */ = {isa = PBXFileReference; lastKnownFileType = sourcecode.swift; path = AppstoreMainViewController.swift; sourceTree = "<group>"; };
		CCDB6E3626CD37C700797932 /* AppstoreMainTopNode.swift */ = {isa = PBXFileReference; lastKnownFileType = sourcecode.swift; path = AppstoreMainTopNode.swift; sourceTree = "<group>"; };
		CCDB6E3826CD37D600797932 /* AppstoreMainImageNode.swift */ = {isa = PBXFileReference; lastKnownFileType = sourcecode.swift; path = AppstoreMainImageNode.swift; sourceTree = "<group>"; };
		EFBA379DDE694AE2CBBFCD36 /* Pods_BasicExercise.framework */ = {isa = PBXFileReference; explicitFileType = wrapper.framework; includeInIndex = 0; path = Pods_BasicExercise.framework; sourceTree = BUILT_PRODUCTS_DIR; };
/* End PBXFileReference section */

/* Begin PBXFrameworksBuildPhase section */
		CC7C38F326BA59930015CA0B /* Frameworks */ = {
			isa = PBXFrameworksBuildPhase;
			buildActionMask = 2147483647;
			files = (
				CCDB6E3C26CD39A200797932 /* SwiftyColor in Frameworks */,
				F696F4311B24C85B33CCDA36 /* Pods_BasicExercise.framework in Frameworks */,
			);
			runOnlyForDeploymentPostprocessing = 0;
		};
/* End PBXFrameworksBuildPhase section */

/* Begin PBXGroup section */
		5543D9FAB6FD0E1DE6446203 /* Frameworks */ = {
			isa = PBXGroup;
			children = (
				EFBA379DDE694AE2CBBFCD36 /* Pods_BasicExercise.framework */,
			);
			name = Frameworks;
			sourceTree = "<group>";
		};
		9DE1CAE5B31A97282C68E508 /* Pods */ = {
			isa = PBXGroup;
			children = (
				5EC0B1A6CA37C535C691A8AF /* Pods-BasicExercise.debug.xcconfig */,
				68FEF95F35F9441EDDD6C21F /* Pods-BasicExercise.release.xcconfig */,
			);
			path = Pods;
			sourceTree = "<group>";
		};
		CC65303726C3B40700F031CD /* Nodes */ = {
			isa = PBXGroup;
			children = (
				CC65303326C3B26300F031CD /* TestNode.swift */,
				CC65303B26C3B45D00F031CD /* LoginNode.swift */,
				CCDB6E3626CD37C700797932 /* AppstoreMainTopNode.swift */,
				CCDB6E3826CD37D600797932 /* AppstoreMainImageNode.swift */,
			);
			path = Nodes;
			sourceTree = "<group>";
		};
		CC65303826C3B41600F031CD /* Support */ = {
			isa = PBXGroup;
			children = (
				CC7C38F926BA59930015CA0B /* AppDelegate.swift */,
				CC7C38FB26BA59930015CA0B /* SceneDelegate.swift */,
				CC7C390226BA59970015CA0B /* Assets.xcassets */,
			);
			path = Support;
			sourceTree = "<group>";
		};
		CC65303926C3B43100F031CD /* Screens */ = {
			isa = PBXGroup;
			children = (
				CCBAFFAE26DF5AA300F0057A /* AppleMusicTest */,
				CC8A24C826D5E299005FA8B5 /* Test */,
				CC8A24C526D5E280005FA8B5 /* KakaoTest */,
			);
			path = Screens;
			sourceTree = "<group>";
		};
		CC65303A26C3B44100F031CD /* ViewControllers */ = {
			isa = PBXGroup;
			children = (
				CC65303526C3B28900F031CD /* TestNodeController.swift */,
				CC7C38FD26BA59930015CA0B /* ViewController.swift */,
				CC65303D26C3B8CC00F031CD /* LoginNodeController.swift */,
				CCDB6E3226CD375800797932 /* AppstoreMainViewController.swift */,
			);
			path = ViewControllers;
			sourceTree = "<group>";
		};
		CC7C38ED26BA59920015CA0B = {
			isa = PBXGroup;
			children = (
				CC7C38F826BA59930015CA0B /* BasicExercise */,
				CC7C38F726BA59930015CA0B /* Products */,
				9DE1CAE5B31A97282C68E508 /* Pods */,
				5543D9FAB6FD0E1DE6446203 /* Frameworks */,
			);
			sourceTree = "<group>";
		};
		CC7C38F726BA59930015CA0B /* Products */ = {
			isa = PBXGroup;
			children = (
				CC7C38F626BA59930015CA0B /* BasicExercise.app */,
			);
			name = Products;
			sourceTree = "<group>";
		};
		CC7C38F826BA59930015CA0B /* BasicExercise */ = {
			isa = PBXGroup;
			children = (
				CC65303826C3B41600F031CD /* Support */,
				CC65303926C3B43100F031CD /* Screens */,
				CC7C38FF26BA59930015CA0B /* Main.storyboard */,
				CC7C390426BA59970015CA0B /* LaunchScreen.storyboard */,
				CC7C390726BA59970015CA0B /* Info.plist */,
			);
			path = BasicExercise;
			sourceTree = "<group>";
		};
		CC8A24C526D5E280005FA8B5 /* KakaoTest */ = {
			isa = PBXGroup;
			children = (
				CC8A24D226D5ECAB005FA8B5 /* Models */,
				CC8A24CF26D5E324005FA8B5 /* Reusables */,
				CC8A24C726D5E294005FA8B5 /* Nodes */,
				CC8A24C626D5E288005FA8B5 /* Controllers */,
			);
			path = KakaoTest;
			sourceTree = "<group>";
		};
		CC8A24C626D5E288005FA8B5 /* Controllers */ = {
			isa = PBXGroup;
			children = (
				CC8A24C326D5E11C005FA8B5 /* KakaoFriendNodeController.swift */,
			);
			path = Controllers;
			sourceTree = "<group>";
		};
		CC8A24C726D5E294005FA8B5 /* Nodes */ = {
			isa = PBXGroup;
			children = (
				CC8A24C926D5E2E7005FA8B5 /* KakaoFriendTopNode.swift */,
				CC8A24CB26D5E30C005FA8B5 /* KakaoUserProfileNode.swift */,
			);
			path = Nodes;
			sourceTree = "<group>";
		};
		CC8A24C826D5E299005FA8B5 /* Test */ = {
			isa = PBXGroup;
			children = (
				CC65303726C3B40700F031CD /* Nodes */,
				CC65303A26C3B44100F031CD /* ViewControllers */,
			);
			path = Test;
			sourceTree = "<group>";
		};
		CC8A24CF26D5E324005FA8B5 /* Reusables */ = {
			isa = PBXGroup;
			children = (
				CC8A24D026D5E336005FA8B5 /* KakaoFriendCellNode.swift */,
			);
			path = Reusables;
			sourceTree = "<group>";
		};
		CC8A24D226D5ECAB005FA8B5 /* Models */ = {
			isa = PBXGroup;
			children = (
				CC8A24D326D5ECB8005FA8B5 /* KakaoFriendsModel.swift */,
			);
			path = Models;
			sourceTree = "<group>";
		};
		CCBAFFAE26DF5AA300F0057A /* AppleMusicTest */ = {
			isa = PBXGroup;
			children = (
				CCBAFFB426DF5B3000F0057A /* Models */,
				CCBAFFB126DF5ACB00F0057A /* Reusables */,
				CCBAFFB026DF5AC500F0057A /* Nodes */,
				CCBAFFAF26DF5ABF00F0057A /* Controllers */,
			);
			path = AppleMusicTest;
			sourceTree = "<group>";
		};
		CCBAFFAF26DF5ABF00F0057A /* Controllers */ = {
			isa = PBXGroup;
			children = (
				CCBAFFB226DF5B1600F0057A /* AppleMusicNodeController.swift */,
			);
			path = Controllers;
			sourceTree = "<group>";
		};
		CCBAFFB026DF5AC500F0057A /* Nodes */ = {
			isa = PBXGroup;
			children = (
			);
			path = Nodes;
			sourceTree = "<group>";
		};
		CCBAFFB126DF5ACB00F0057A /* Reusables */ = {
			isa = PBXGroup;
			children = (
				CCBAFFB526DF606B00F0057A /* AppleMusicCellNode.swift */,
			);
			path = Reusables;
			sourceTree = "<group>";
		};
		CCBAFFB426DF5B3000F0057A /* Models */ = {
			isa = PBXGroup;
			children = (
				CCBAFFB726DF613A00F0057A /* MusicModel.swift */,
			);
			path = Models;
			sourceTree = "<group>";
		};
/* End PBXGroup section */

/* Begin PBXNativeTarget section */
		CC7C38F526BA59930015CA0B /* BasicExercise */ = {
			isa = PBXNativeTarget;
			buildConfigurationList = CC7C390A26BA59970015CA0B /* Build configuration list for PBXNativeTarget "BasicExercise" */;
			buildPhases = (
				6CED7EB5F49F7AAD37DB8C75 /* [CP] Check Pods Manifest.lock */,
				CC7C38F226BA59930015CA0B /* Sources */,
				CC7C38F326BA59930015CA0B /* Frameworks */,
				CC7C38F426BA59930015CA0B /* Resources */,
				90A7985763DBCD3069907D0F /* [CP] Embed Pods Frameworks */,
			);
			buildRules = (
			);
			dependencies = (
			);
			name = BasicExercise;
			packageProductDependencies = (
				CCDB6E3B26CD39A200797932 /* SwiftyColor */,
			);
			productName = BasicExercise;
			productReference = CC7C38F626BA59930015CA0B /* BasicExercise.app */;
			productType = "com.apple.product-type.application";
		};
/* End PBXNativeTarget section */

/* Begin PBXProject section */
		CC7C38EE26BA59930015CA0B /* Project object */ = {
			isa = PBXProject;
			attributes = {
				LastSwiftUpdateCheck = 1250;
				LastUpgradeCheck = 1250;
				TargetAttributes = {
					CC7C38F526BA59930015CA0B = {
						CreatedOnToolsVersion = 12.5;
					};
				};
			};
			buildConfigurationList = CC7C38F126BA59930015CA0B /* Build configuration list for PBXProject "BasicExercise" */;
			compatibilityVersion = "Xcode 9.3";
			developmentRegion = en;
			hasScannedForEncodings = 0;
			knownRegions = (
				en,
				Base,
			);
			mainGroup = CC7C38ED26BA59920015CA0B;
			packageReferences = (
				CCDB6E3A26CD39A200797932 /* XCRemoteSwiftPackageReference "SwiftyColor" */,
			);
			productRefGroup = CC7C38F726BA59930015CA0B /* Products */;
			projectDirPath = "";
			projectRoot = "";
			targets = (
				CC7C38F526BA59930015CA0B /* BasicExercise */,
			);
		};
/* End PBXProject section */

/* Begin PBXResourcesBuildPhase section */
		CC7C38F426BA59930015CA0B /* Resources */ = {
			isa = PBXResourcesBuildPhase;
			buildActionMask = 2147483647;
			files = (
				CC7C390626BA59970015CA0B /* LaunchScreen.storyboard in Resources */,
				CC7C390326BA59970015CA0B /* Assets.xcassets in Resources */,
				CC7C390126BA59930015CA0B /* Main.storyboard in Resources */,
			);
			runOnlyForDeploymentPostprocessing = 0;
		};
/* End PBXResourcesBuildPhase section */

/* Begin PBXShellScriptBuildPhase section */
		6CED7EB5F49F7AAD37DB8C75 /* [CP] Check Pods Manifest.lock */ = {
			isa = PBXShellScriptBuildPhase;
			buildActionMask = 2147483647;
			files = (
			);
			inputFileListPaths = (
			);
			inputPaths = (
				"${PODS_PODFILE_DIR_PATH}/Podfile.lock",
				"${PODS_ROOT}/Manifest.lock",
			);
			name = "[CP] Check Pods Manifest.lock";
			outputFileListPaths = (
			);
			outputPaths = (
				"$(DERIVED_FILE_DIR)/Pods-BasicExercise-checkManifestLockResult.txt",
			);
			runOnlyForDeploymentPostprocessing = 0;
			shellPath = /bin/sh;
			shellScript = "diff \"${PODS_PODFILE_DIR_PATH}/Podfile.lock\" \"${PODS_ROOT}/Manifest.lock\" > /dev/null\nif [ $? != 0 ] ; then\n    # print error to STDERR\n    echo \"error: The sandbox is not in sync with the Podfile.lock. Run 'pod install' or update your CocoaPods installation.\" >&2\n    exit 1\nfi\n# This output is used by Xcode 'outputs' to avoid re-running this script phase.\necho \"SUCCESS\" > \"${SCRIPT_OUTPUT_FILE_0}\"\n";
			showEnvVarsInLog = 0;
		};
		90A7985763DBCD3069907D0F /* [CP] Embed Pods Frameworks */ = {
			isa = PBXShellScriptBuildPhase;
			buildActionMask = 2147483647;
			files = (
			);
			inputFileListPaths = (
				"${PODS_ROOT}/Target Support Files/Pods-BasicExercise/Pods-BasicExercise-frameworks-${CONFIGURATION}-input-files.xcfilelist",
			);
			name = "[CP] Embed Pods Frameworks";
			outputFileListPaths = (
				"${PODS_ROOT}/Target Support Files/Pods-BasicExercise/Pods-BasicExercise-frameworks-${CONFIGURATION}-output-files.xcfilelist",
			);
			runOnlyForDeploymentPostprocessing = 0;
			shellPath = /bin/sh;
			shellScript = "\"${PODS_ROOT}/Target Support Files/Pods-BasicExercise/Pods-BasicExercise-frameworks.sh\"\n";
			showEnvVarsInLog = 0;
		};
/* End PBXShellScriptBuildPhase section */

/* Begin PBXSourcesBuildPhase section */
		CC7C38F226BA59930015CA0B /* Sources */ = {
			isa = PBXSourcesBuildPhase;
			buildActionMask = 2147483647;
			files = (
				CC8A24CC26D5E30C005FA8B5 /* KakaoUserProfileNode.swift in Sources */,
				CCDB6E3726CD37C700797932 /* AppstoreMainTopNode.swift in Sources */,
				CC7C38FE26BA59930015CA0B /* ViewController.swift in Sources */,
				CC7C38FA26BA59930015CA0B /* AppDelegate.swift in Sources */,
				CC8A24D426D5ECB8005FA8B5 /* KakaoFriendsModel.swift in Sources */,
				CCDB6E3326CD375800797932 /* AppstoreMainViewController.swift in Sources */,
				CCBAFFB326DF5B1600F0057A /* AppleMusicNodeController.swift in Sources */,
				CC7C38FC26BA59930015CA0B /* SceneDelegate.swift in Sources */,
				CC8A24C426D5E11C005FA8B5 /* KakaoFriendNodeController.swift in Sources */,
				CC65303E26C3B8CC00F031CD /* LoginNodeController.swift in Sources */,
				CCDB6E3926CD37D600797932 /* AppstoreMainImageNode.swift in Sources */,
				CCBAFFB826DF613A00F0057A /* MusicModel.swift in Sources */,
				CC8A24D126D5E336005FA8B5 /* KakaoFriendCellNode.swift in Sources */,
				CCBAFFB626DF606B00F0057A /* AppleMusicCellNode.swift in Sources */,
				CC65303426C3B26300F031CD /* TestNode.swift in Sources */,
				CC65303626C3B28900F031CD /* TestNodeController.swift in Sources */,
				CC65303C26C3B45D00F031CD /* LoginNode.swift in Sources */,
				CC8A24CA26D5E2E7005FA8B5 /* KakaoFriendTopNode.swift in Sources */,
			);
			runOnlyForDeploymentPostprocessing = 0;
		};
/* End PBXSourcesBuildPhase section */

/* Begin PBXVariantGroup section */
		CC7C38FF26BA59930015CA0B /* Main.storyboard */ = {
			isa = PBXVariantGroup;
			children = (
				CC7C390026BA59930015CA0B /* Base */,
			);
			name = Main.storyboard;
			sourceTree = "<group>";
		};
		CC7C390426BA59970015CA0B /* LaunchScreen.storyboard */ = {
			isa = PBXVariantGroup;
			children = (
				CC7C390526BA59970015CA0B /* Base */,
			);
			name = LaunchScreen.storyboard;
			sourceTree = "<group>";
		};
/* End PBXVariantGroup section */

/* Begin XCBuildConfiguration section */
		CC7C390826BA59970015CA0B /* Debug */ = {
			isa = XCBuildConfiguration;
			buildSettings = {
				ALWAYS_SEARCH_USER_PATHS = NO;
				CLANG_ANALYZER_NONNULL = YES;
				CLANG_ANALYZER_NUMBER_OBJECT_CONVERSION = YES_AGGRESSIVE;
				CLANG_CXX_LANGUAGE_STANDARD = "gnu++14";
				CLANG_CXX_LIBRARY = "libc++";
				CLANG_ENABLE_MODULES = YES;
				CLANG_ENABLE_OBJC_ARC = YES;
				CLANG_ENABLE_OBJC_WEAK = YES;
				CLANG_WARN_BLOCK_CAPTURE_AUTORELEASING = YES;
				CLANG_WARN_BOOL_CONVERSION = YES;
				CLANG_WARN_COMMA = YES;
				CLANG_WARN_CONSTANT_CONVERSION = YES;
				CLANG_WARN_DEPRECATED_OBJC_IMPLEMENTATIONS = YES;
				CLANG_WARN_DIRECT_OBJC_ISA_USAGE = YES_ERROR;
				CLANG_WARN_DOCUMENTATION_COMMENTS = YES;
				CLANG_WARN_EMPTY_BODY = YES;
				CLANG_WARN_ENUM_CONVERSION = YES;
				CLANG_WARN_INFINITE_RECURSION = YES;
				CLANG_WARN_INT_CONVERSION = YES;
				CLANG_WARN_NON_LITERAL_NULL_CONVERSION = YES;
				CLANG_WARN_OBJC_IMPLICIT_RETAIN_SELF = YES;
				CLANG_WARN_OBJC_LITERAL_CONVERSION = YES;
				CLANG_WARN_OBJC_ROOT_CLASS = YES_ERROR;
				CLANG_WARN_QUOTED_INCLUDE_IN_FRAMEWORK_HEADER = YES;
				CLANG_WARN_RANGE_LOOP_ANALYSIS = YES;
				CLANG_WARN_STRICT_PROTOTYPES = YES;
				CLANG_WARN_SUSPICIOUS_MOVE = YES;
				CLANG_WARN_UNGUARDED_AVAILABILITY = YES_AGGRESSIVE;
				CLANG_WARN_UNREACHABLE_CODE = YES;
				CLANG_WARN__DUPLICATE_METHOD_MATCH = YES;
				COPY_PHASE_STRIP = NO;
				DEBUG_INFORMATION_FORMAT = dwarf;
				ENABLE_STRICT_OBJC_MSGSEND = YES;
				ENABLE_TESTABILITY = YES;
				GCC_C_LANGUAGE_STANDARD = gnu11;
				GCC_DYNAMIC_NO_PIC = NO;
				GCC_NO_COMMON_BLOCKS = YES;
				GCC_OPTIMIZATION_LEVEL = 0;
				GCC_PREPROCESSOR_DEFINITIONS = (
					"DEBUG=1",
					"$(inherited)",
				);
				GCC_WARN_64_TO_32_BIT_CONVERSION = YES;
				GCC_WARN_ABOUT_RETURN_TYPE = YES_ERROR;
				GCC_WARN_UNDECLARED_SELECTOR = YES;
				GCC_WARN_UNINITIALIZED_AUTOS = YES_AGGRESSIVE;
				GCC_WARN_UNUSED_FUNCTION = YES;
				GCC_WARN_UNUSED_VARIABLE = YES;
				IPHONEOS_DEPLOYMENT_TARGET = 14.5;
				MTL_ENABLE_DEBUG_INFO = INCLUDE_SOURCE;
				MTL_FAST_MATH = YES;
				ONLY_ACTIVE_ARCH = YES;
				SDKROOT = iphoneos;
				SWIFT_ACTIVE_COMPILATION_CONDITIONS = DEBUG;
				SWIFT_OPTIMIZATION_LEVEL = "-Onone";
			};
			name = Debug;
		};
		CC7C390926BA59970015CA0B /* Release */ = {
			isa = XCBuildConfiguration;
			buildSettings = {
				ALWAYS_SEARCH_USER_PATHS = NO;
				CLANG_ANALYZER_NONNULL = YES;
				CLANG_ANALYZER_NUMBER_OBJECT_CONVERSION = YES_AGGRESSIVE;
				CLANG_CXX_LANGUAGE_STANDARD = "gnu++14";
				CLANG_CXX_LIBRARY = "libc++";
				CLANG_ENABLE_MODULES = YES;
				CLANG_ENABLE_OBJC_ARC = YES;
				CLANG_ENABLE_OBJC_WEAK = YES;
				CLANG_WARN_BLOCK_CAPTURE_AUTORELEASING = YES;
				CLANG_WARN_BOOL_CONVERSION = YES;
				CLANG_WARN_COMMA = YES;
				CLANG_WARN_CONSTANT_CONVERSION = YES;
				CLANG_WARN_DEPRECATED_OBJC_IMPLEMENTATIONS = YES;
				CLANG_WARN_DIRECT_OBJC_ISA_USAGE = YES_ERROR;
				CLANG_WARN_DOCUMENTATION_COMMENTS = YES;
				CLANG_WARN_EMPTY_BODY = YES;
				CLANG_WARN_ENUM_CONVERSION = YES;
				CLANG_WARN_INFINITE_RECURSION = YES;
				CLANG_WARN_INT_CONVERSION = YES;
				CLANG_WARN_NON_LITERAL_NULL_CONVERSION = YES;
				CLANG_WARN_OBJC_IMPLICIT_RETAIN_SELF = YES;
				CLANG_WARN_OBJC_LITERAL_CONVERSION = YES;
				CLANG_WARN_OBJC_ROOT_CLASS = YES_ERROR;
				CLANG_WARN_QUOTED_INCLUDE_IN_FRAMEWORK_HEADER = YES;
				CLANG_WARN_RANGE_LOOP_ANALYSIS = YES;
				CLANG_WARN_STRICT_PROTOTYPES = YES;
				CLANG_WARN_SUSPICIOUS_MOVE = YES;
				CLANG_WARN_UNGUARDED_AVAILABILITY = YES_AGGRESSIVE;
				CLANG_WARN_UNREACHABLE_CODE = YES;
				CLANG_WARN__DUPLICATE_METHOD_MATCH = YES;
				COPY_PHASE_STRIP = NO;
				DEBUG_INFORMATION_FORMAT = "dwarf-with-dsym";
				ENABLE_NS_ASSERTIONS = NO;
				ENABLE_STRICT_OBJC_MSGSEND = YES;
				GCC_C_LANGUAGE_STANDARD = gnu11;
				GCC_NO_COMMON_BLOCKS = YES;
				GCC_WARN_64_TO_32_BIT_CONVERSION = YES;
				GCC_WARN_ABOUT_RETURN_TYPE = YES_ERROR;
				GCC_WARN_UNDECLARED_SELECTOR = YES;
				GCC_WARN_UNINITIALIZED_AUTOS = YES_AGGRESSIVE;
				GCC_WARN_UNUSED_FUNCTION = YES;
				GCC_WARN_UNUSED_VARIABLE = YES;
				IPHONEOS_DEPLOYMENT_TARGET = 14.5;
				MTL_ENABLE_DEBUG_INFO = NO;
				MTL_FAST_MATH = YES;
				SDKROOT = iphoneos;
				SWIFT_COMPILATION_MODE = wholemodule;
				SWIFT_OPTIMIZATION_LEVEL = "-O";
				VALIDATE_PRODUCT = YES;
			};
			name = Release;
		};
		CC7C390B26BA59970015CA0B /* Debug */ = {
			isa = XCBuildConfiguration;
			baseConfigurationReference = 5EC0B1A6CA37C535C691A8AF /* Pods-BasicExercise.debug.xcconfig */;
			buildSettings = {
				ASSETCATALOG_COMPILER_APPICON_NAME = AppIcon;
				ASSETCATALOG_COMPILER_GLOBAL_ACCENT_COLOR_NAME = AccentColor;
				CODE_SIGN_STYLE = Automatic;
				DEVELOPMENT_TEAM = QS42RPKQCD;
				INFOPLIST_FILE = BasicExercise/Info.plist;
				LD_RUNPATH_SEARCH_PATHS = (
					"$(inherited)",
					"@executable_path/Frameworks",
				);
				PRODUCT_BUNDLE_IDENTIFIER = ryan.BasicExercise;
				PRODUCT_NAME = "$(TARGET_NAME)";
				SWIFT_VERSION = 5.0;
				TARGETED_DEVICE_FAMILY = "1,2";
			};
			name = Debug;
		};
		CC7C390C26BA59970015CA0B /* Release */ = {
			isa = XCBuildConfiguration;
			baseConfigurationReference = 68FEF95F35F9441EDDD6C21F /* Pods-BasicExercise.release.xcconfig */;
			buildSettings = {
				ASSETCATALOG_COMPILER_APPICON_NAME = AppIcon;
				ASSETCATALOG_COMPILER_GLOBAL_ACCENT_COLOR_NAME = AccentColor;
				CODE_SIGN_STYLE = Automatic;
				DEVELOPMENT_TEAM = QS42RPKQCD;
				INFOPLIST_FILE = BasicExercise/Info.plist;
				LD_RUNPATH_SEARCH_PATHS = (
					"$(inherited)",
					"@executable_path/Frameworks",
				);
				PRODUCT_BUNDLE_IDENTIFIER = ryan.BasicExercise;
				PRODUCT_NAME = "$(TARGET_NAME)";
				SWIFT_VERSION = 5.0;
				TARGETED_DEVICE_FAMILY = "1,2";
			};
			name = Release;
		};
/* End XCBuildConfiguration section */

/* Begin XCConfigurationList section */
		CC7C38F126BA59930015CA0B /* Build configuration list for PBXProject "BasicExercise" */ = {
			isa = XCConfigurationList;
			buildConfigurations = (
				CC7C390826BA59970015CA0B /* Debug */,
				CC7C390926BA59970015CA0B /* Release */,
			);
			defaultConfigurationIsVisible = 0;
			defaultConfigurationName = Release;
		};
		CC7C390A26BA59970015CA0B /* Build configuration list for PBXNativeTarget "BasicExercise" */ = {
			isa = XCConfigurationList;
			buildConfigurations = (
				CC7C390B26BA59970015CA0B /* Debug */,
				CC7C390C26BA59970015CA0B /* Release */,
			);
			defaultConfigurationIsVisible = 0;
			defaultConfigurationName = Release;
		};
/* End XCConfigurationList section */

/* Begin XCRemoteSwiftPackageReference section */
		CCDB6E3A26CD39A200797932 /* XCRemoteSwiftPackageReference "SwiftyColor" */ = {
			isa = XCRemoteSwiftPackageReference;
			repositoryURL = "https://github.com/devxoul/SwiftyColor";
			requirement = {
				kind = upToNextMajorVersion;
				minimumVersion = 1.2.1;
			};
		};
/* End XCRemoteSwiftPackageReference section */

/* Begin XCSwiftPackageProductDependency section */
		CCDB6E3B26CD39A200797932 /* SwiftyColor */ = {
			isa = XCSwiftPackageProductDependency;
			package = CCDB6E3A26CD39A200797932 /* XCRemoteSwiftPackageReference "SwiftyColor" */;
			productName = SwiftyColor;
		};
/* End XCSwiftPackageProductDependency section */
	};
	rootObject = CC7C38EE26BA59930015CA0B /* Project object */;
}
